
Microsoft Visual Studio Solution File, Format Version 12.00
Project("{FAE04EC0-301F-11D3-BF4B-00C04F79EFBC}") = "GenericLab1", "GenericLab1\GenericLab1.csproj", "{6425B53E-9E8A-4FAF-BD58-6B201B8C504C}"
EndProject
Project("{FAE04EC0-301F-11D3-BF4B-00C04F79EFBC}") = "DynamicList", "DynamicList\DynamicList.csproj", "{9C87CC1D-C501-482E-A8EB-BFCED034E446}"
EndProject
Global
	GlobalSection(SolutionConfigurationPlatforms) = preSolution
		Debug|Any CPU = Debug|Any CPU
		Release|Any CPU = Release|Any CPU
	EndGlobalSection
	GlobalSection(ProjectConfigurationPlatforms) = postSolution
		{6425B53E-9E8A-4FAF-BD58-6B201B8C504C}.Debug|Any CPU.ActiveCfg = Debug|Any CPU
		{6425B53E-9E8A-4FAF-BD58-6B201B8C504C}.Debug|Any CPU.Build.0 = Debug|Any CPU
		{6425B53E-9E8A-4FAF-BD58-6B201B8C504C}.Release|Any CPU.ActiveCfg = Release|Any CPU
		{6425B53E-9E8A-4FAF-BD58-6B201B8C504C}.Release|Any CPU.Build.0 = Release|Any CPU
		{9C87CC1D-C501-482E-A8EB-BFCED034E446}.Debug|Any CPU.ActiveCfg = Debug|Any CPU
		{9C87CC1D-C501-482E-A8EB-BFCED034E446}.Debug|Any CPU.Build.0 = Debug|Any CPU
		{9C87CC1D-C501-482E-A8EB-BFCED034E446}.Release|Any CPU.ActiveCfg = Release|Any CPU
		{9C87CC1D-C501-482E-A8EB-BFCED034E446}.Release|Any CPU.Build.0 = Release|Any CPU
	EndGlobalSection
EndGlobal
